
Microsoft Visual Studio Solution File, Format Version 12.00
Project("{FAE04EC0-301F-11D3-BF4B-00C04F79EFBC}") = "ConsoleAppTestClases", "ConsoleAppTestClases\ConsoleAppTestClases.csproj", "{4BC8AA87-BC2F-4BC8-BE81-4B24C55C8CC4}"
EndProject
Global
	GlobalSection(SolutionConfigurationPlatforms) = preSolution
		Debug|Any CPU = Debug|Any CPU
		Release|Any CPU = Release|Any CPU
	EndGlobalSection
	GlobalSection(ProjectConfigurationPlatforms) = postSolution
		{4BC8AA87-BC2F-4BC8-BE81-4B24C55C8CC4}.Debug|Any CPU.ActiveCfg = Debug|Any CPU
		{4BC8AA87-BC2F-4BC8-BE81-4B24C55C8CC4}.Debug|Any CPU.Build.0 = Debug|Any CPU
		{4BC8AA87-BC2F-4BC8-BE81-4B24C55C8CC4}.Release|Any CPU.ActiveCfg = Release|Any CPU
		{4BC8AA87-BC2F-4BC8-BE81-4B24C55C8CC4}.Release|Any CPU.Build.0 = Release|Any CPU
	EndGlobalSection
EndGlobal
